<?xml version="1.0" encoding="utf-8"?>
<Project ToolsVersion="4.0" xmlns="http://schemas.microsoft.com/developer/msbuild/2003">
  <ItemGroup>
    <Filter Include="源文件">
      <UniqueIdentifier>{4FC737F1-C7A5-4376-A066-2A32D752A2FF}</UniqueIdentifier>
      <Extensions>cpp;c;cc;cxx;def;odl;idl;hpj;bat;asm;asmx</Extensions>
    </Filter>
    <Filter Include="头文件">
      <UniqueIdentifier>{93995380-89BD-4b04-88EB-625FBE52EBFB}</UniqueIdentifier>
      <Extensions>h;hh;hpp;hxx;hm;inl;inc;xsd</Extensions>
    </Filter>
    <Filter Include="资源文件">
      <UniqueIdentifier>{67DA6AB6-F800-4c08-8B7A-83BB121AAD01}</UniqueIdentifier>
      <Extensions>rc;ico;cur;bmp;dlg;rc2;rct;bin;rgs;gif;jpg;jpeg;jpe;resx;tiff;tif;png;wav;mfcribbon-ms</Extensions>
    </Filter>
  </ItemGroup>
  <ItemGroup>
    <Text Include="ReadMe.txt" />
  </ItemGroup>
  <ItemGroup>
    <ClInclude Include="10-30-Playing-Cards.h">
      <Filter>头文件</Filter>
    </ClInclude>
    <ClInclude Include="stdafx.h">
      <Filter>头文件</Filter>
    </ClInclude>
    <ClInclude Include="targetver.h">
      <Filter>头文件</Filter>
    </ClInclude>
    <ClInclude Include="MainFrm.h">
      <Filter>头文件</Filter>
    </ClInclude>
    <ClInclude Include="10-30-Playing-CardsDoc.h">
      <Filter>头文件</Filter>
    </ClInclude>
    <ClInclude Include="10-30-Playing-CardsView.h">
      <Filter>头文件</Filter>
    </ClInclude>
    <ClInclude Include="Resource.h">
      <Filter>头文件</Filter>
    </ClInclude>
    <ClInclude Include="Pokers.h">
      <Filter>头文件</Filter>
    </ClInclude>
    <ClInclude Include="TestDlg.h">
      <Filter>头文件</Filter>
    </ClInclude>
  </ItemGroup>
  <ItemGroup>
    <ClCompile Include="10-30-Playing-Cards.cpp">
      <Filter>源文件</Filter>
    </ClCompile>
    <ClCompile Include="stdafx.cpp">
      <Filter>源文件</Filter>
    </ClCompile>
    <ClCompile Include="MainFrm.cpp">
      <Filter>源文件</Filter>
    </ClCompile>
    <ClCompile Include="10-30-Playing-CardsDoc.cpp">
      <Filter>源文件</Filter>
    </ClCompile>
    <ClCompile Include="10-30-Playing-CardsView.cpp">
      <Filter>源文件</Filter>
    </ClCompile>
    <ClCompile Include="Pokers.cpp">
      <Filter>源文件</Filter>
    </ClCompile>
    <ClCompile Include="TestDlg.cpp">
      <Filter>源文件</Filter>
    </ClCompile>
  </ItemGroup>
  <ItemGroup>
    <ResourceCompile Include="10-30-Playing-Cards.rc">
      <Filter>资源文件</Filter>
    </ResourceCompile>
  </ItemGroup>
  <ItemGroup>
    <None Include="res\My1030PlayingCards.rc2">
      <Filter>资源文件</Filter>
    </None>
  </ItemGroup>
  <ItemGroup>
    <Image Include="res\10-30-Playing-CardsDoc.ico">
      <Filter>资源文件</Filter>
    </Image>
    <Image Include="res\10-30-Playing-Cards.ico">
      <Filter>资源文件</Filter>
    </Image>
    <Image Include="res\Toolbar.bmp">
      <Filter>资源文件</Filter>
    </Image>
    <Image Include="res\Pokerlist.bmp">
      <Filter>资源文件</Filter>
    </Image>
    <Image Include="res\Pokerlist256.bmp">
      <Filter>资源文件</Filter>
    </Image>
    <Image Include="res\bitmap1.bmp">
      <Filter>资源文件</Filter>
    </Image>
    <Image Include="res\Pokers\aa.bmp">
      <Filter>资源文件</Filter>
    </Image>
    <Image Include="res\Pokers\ab.bmp">
      <Filter>资源文件</Filter>
    </Image>
    <Image Include="res\Pokers\ac.bmp">
      <Filter>资源文件</Filter>
    </Image>
    <Image Include="res\Pokers\ad.bmp">
      <Filter>资源文件</Filter>
    </Image>
    <Image Include="res\Pokers\ae.bmp">
      <Filter>资源文件</Filter>
    </Image>
    <Image Include="res\Pokers\af.bmp">
      <Filter>资源文件</Filter>
    </Image>
    <Image Include="res\Pokers\ag.bmp">
      <Filter>资源文件</Filter>
    </Image>
    <Image Include="res\Pokers\ah.bmp">
      <Filter>资源文件</Filter>
    </Image>
    <Image Include="res\Pokers\ai.bmp">
      <Filter>资源文件</Filter>
    </Image>
    <Image Include="res\Pokers\aj.bmp">
      <Filter>资源文件</Filter>
    </Image>
    <Image Include="res\Pokers\ak.bmp">
      <Filter>资源文件</Filter>
    </Image>
    <Image Include="res\Pokers\al.bmp">
      <Filter>资源文件</Filter>
    </Image>
    <Image Include="res\Pokers\am.bmp">
      <Filter>资源文件</Filter>
    </Image>
    <Image Include="res\Pokers\ba.bmp">
      <Filter>资源文件</Filter>
    </Image>
    <Image Include="res\Pokers\bb.bmp">
      <Filter>资源文件</Filter>
    </Image>
    <Image Include="res\Pokers\bc.bmp">
      <Filter>资源文件</Filter>
    </Image>
    <Image Include="res\Pokers\bd.bmp">
      <Filter>资源文件</Filter>
    </Image>
    <Image Include="res\Pokers\be.bmp">
      <Filter>资源文件</Filter>
    </Image>
    <Image Include="res\Pokers\bf.bmp">
      <Filter>资源文件</Filter>
    </Image>
    <Image Include="res\Pokers\bg.bmp">
      <Filter>资源文件</Filter>
    </Image>
    <Image Include="res\Pokers\bh.bmp">
      <Filter>资源文件</Filter>
    </Image>
    <Image Include="res\Pokers\bi.bmp">
      <Filter>资源文件</Filter>
    </Image>
    <Image Include="res\Pokers\bj.bmp">
      <Filter>资源文件</Filter>
    </Image>
    <Image Include="res\Pokers\bk.bmp">
      <Filter>资源文件</Filter>
    </Image>
    <Image Include="res\Pokers\bl.bmp">
      <Filter>资源文件</Filter>
    </Image>
    <Image Include="res\Pokers\bm.bmp">
      <Filter>资源文件</Filter>
    </Image>
    <Image Include="res\Pokers\ca.bmp">
      <Filter>资源文件</Filter>
    </Image>
    <Image Include="res\Pokers\cb.bmp">
      <Filter>资源文件</Filter>
    </Image>
    <Image Include="res\Pokers\cc.bmp">
      <Filter>资源文件</Filter>
    </Image>
    <Image Include="res\Pokers\cd.bmp">
      <Filter>资源文件</Filter>
    </Image>
    <Image Include="res\Pokers\ce.bmp">
      <Filter>资源文件</Filter>
    </Image>
    <Image Include="res\Pokers\cf.bmp">
      <Filter>资源文件</Filter>
    </Image>
    <Image Include="res\Pokers\cg.bmp">
      <Filter>资源文件</Filter>
    </Image>
    <Image Include="res\Pokers\ch.bmp">
      <Filter>资源文件</Filter>
    </Image>
    <Image Include="res\Pokers\ci.bmp">
      <Filter>资源文件</Filter>
    </Image>
    <Image Include="res\Pokers\cj.bmp">
      <Filter>资源文件</Filter>
    </Image>
    <Image Include="res\Pokers\ck.bmp">
      <Filter>资源文件</Filter>
    </Image>
    <Image Include="res\Pokers\cl.bmp">
      <Filter>资源文件</Filter>
    </Image>
    <Image Include="res\Pokers\cm.bmp">
      <Filter>资源文件</Filter>
    </Image>
    <Image Include="res\Pokers\da.bmp">
      <Filter>资源文件</Filter>
    </Image>
    <Image Include="res\Pokers\db.bmp">
      <Filter>资源文件</Filter>
    </Image>
    <Image Include="res\Pokers\dc.bmp">
      <Filter>资源文件</Filter>
    </Image>
    <Image Include="res\Pokers\dd.bmp">
      <Filter>资源文件</Filter>
    </Image>
    <Image Include="res\Pokers\de.bmp">
      <Filter>资源文件</Filter>
    </Image>
    <Image Include="res\Pokers\df.bmp">
      <Filter>资源文件</Filter>
    </Image>
    <Image Include="res\Pokers\dg.bmp">
      <Filter>资源文件</Filter>
    </Image>
    <Image Include="res\Pokers\dh.bmp">
      <Filter>资源文件</Filter>
    </Image>
    <Image Include="res\Pokers\di.bmp">
      <Filter>资源文件</Filter>
    </Image>
    <Image Include="res\Pokers\dj.bmp">
      <Filter>资源文件</Filter>
    </Image>
    <Image Include="res\Pokers\dk.bmp">
      <Filter>资源文件</Filter>
    </Image>
    <Image Include="res\Pokers\dl.bmp">
      <Filter>资源文件</Filter>
    </Image>
    <Image Include="res\Pokers\dm.bmp">
      <Filter>资源文件</Filter>
    </Image>
  </ItemGroup>
</Project>